
Microsoft Visual Studio Solution File, Format Version 12.00
# Visual Studio Version 16
VisualStudioVersion = 16.0.30717.126
MinimumVisualStudioVersion = 10.0.40219.1
Project("{FAE04EC0-301F-11D3-BF4B-00C04F79EFBC}") = "BankKata", "BankKata\BankKata.csproj", "{EE8008B0-0456-4AE7-AEFE-53FA05558507}"
EndProject
Project("{FAE04EC0-301F-11D3-BF4B-00C04F79EFBC}") = "BankKata.ConsoleApp", "BankKata.ConsoleApp\BankKata.ConsoleApp.csproj", "{50F9D5E9-5A20-4555-83CA-0BF15E83DDF5}"
EndProject
Project("{FAE04EC0-301F-11D3-BF4B-00C04F79EFBC}") = "BankKata.Tests", "BankKata.Tests\BankKata.Tests.csproj", "{E1961C14-0C73-486E-947F-2B0EB870739B}"
EndProject
Project("{FAE04EC0-301F-11D3-BF4B-00C04F79EFBC}") = "BankKata.Contracts", "BankKata.Contracts\BankKata.Contracts.csproj", "{F936C2F0-AAF2-48FD-9034-A3304D10C7C1}"
EndProject
Global
	GlobalSection(SolutionConfigurationPlatforms) = preSolution
		Debug|Any CPU = Debug|Any CPU
		Release|Any CPU = Release|Any CPU
	EndGlobalSection
	GlobalSection(ProjectConfigurationPlatforms) = postSolution
		{EE8008B0-0456-4AE7-AEFE-53FA05558507}.Debug|Any CPU.ActiveCfg = Debug|Any CPU
		{EE8008B0-0456-4AE7-AEFE-53FA05558507}.Debug|Any CPU.Build.0 = Debug|Any CPU
		{EE8008B0-0456-4AE7-AEFE-53FA05558507}.Release|Any CPU.ActiveCfg = Release|Any CPU
		{EE8008B0-0456-4AE7-AEFE-53FA05558507}.Release|Any CPU.Build.0 = Release|Any CPU
		{50F9D5E9-5A20-4555-83CA-0BF15E83DDF5}.Debug|Any CPU.ActiveCfg = Debug|Any CPU
		{50F9D5E9-5A20-4555-83CA-0BF15E83DDF5}.Debug|Any CPU.Build.0 = Debug|Any CPU
		{50F9D5E9-5A20-4555-83CA-0BF15E83DDF5}.Release|Any CPU.ActiveCfg = Release|Any CPU
		{50F9D5E9-5A20-4555-83CA-0BF15E83DDF5}.Release|Any CPU.Build.0 = Release|Any CPU
		{E1961C14-0C73-486E-947F-2B0EB870739B}.Debug|Any CPU.ActiveCfg = Debug|Any CPU
		{E1961C14-0C73-486E-947F-2B0EB870739B}.Debug|Any CPU.Build.0 = Debug|Any CPU
		{E1961C14-0C73-486E-947F-2B0EB870739B}.Release|Any CPU.ActiveCfg = Release|Any CPU
		{E1961C14-0C73-486E-947F-2B0EB870739B}.Release|Any CPU.Build.0 = Release|Any CPU
		{F936C2F0-AAF2-48FD-9034-A3304D10C7C1}.Debug|Any CPU.ActiveCfg = Debug|Any CPU
		{F936C2F0-AAF2-48FD-9034-A3304D10C7C1}.Debug|Any CPU.Build.0 = Debug|Any CPU
		{F936C2F0-AAF2-48FD-9034-A3304D10C7C1}.Release|Any CPU.ActiveCfg = Release|Any CPU
		{F936C2F0-AAF2-48FD-9034-A3304D10C7C1}.Release|Any CPU.Build.0 = Release|Any CPU
	EndGlobalSection
	GlobalSection(SolutionProperties) = preSolution
		HideSolutionNode = FALSE
	EndGlobalSection
	GlobalSection(ExtensibilityGlobals) = postSolution
		SolutionGuid = {2CB5311D-BFE3-4922-8A12-2DA1364F47F0}
	EndGlobalSection
EndGlobal
